{
  "name": "train-data",
  "version": "1.0.0",
  "lockfileVersion": 2,
  "requires": true,
  "packages": {
    "": {
      "name": "train-data",
      "version": "1.0.0",
      "license": "ISC",
      "dependencies": {
        "@deck.gl/core": "8.7.10",
        "@deck.gl/layers": "8.7.10",
        "mapbox-gl": "2.8.2",
        "prettier": "2.6.2",
        "slid": "^0.0.2"
      }
    },
    "node_modules/@babel/runtime": {
      "version": "7.18.3",
      "resolved": "https://registry.npmjs.org/@babel/runtime/-/runtime-7.18.3.tgz",
      "integrity": "sha512-38Y8f7YUhce/K7RMwTp7m0uCumpv9hZkitCbBClqQIow1qSbCvGkcegKOXpEWCQLfWmevgRiWokZ1GkpfhbZug==",
      "dependencies": {
        "regenerator-runtime": "^0.13.4"
      },
      "engines": {
        "node": ">=6.9.0"
      }
    },
    "node_modules/@deck.gl/core": {
      "version": "8.7.10",
      "resolved": "https://registry.npmjs.org/@deck.gl/core/-/core-8.7.10.tgz",
      "integrity": "sha512-8BSDnPe/aH5Nit4hOffHAEfzQJHsgqYpqa9i4r9dnKgGs7MKH1aARTj2cq6knnRyI/KACU50R6TxEK01tnznpA==",
      "dependencies": {
        "@loaders.gl/core": "^3.1.5",
        "@loaders.gl/images": "^3.1.5",
        "@luma.gl/constants": "^8.5.10",
        "@luma.gl/core": "^8.5.10",
        "@math.gl/core": "^3.5.7",
        "@math.gl/web-mercator": "^3.5.7",
        "@probe.gl/env": "^3.5.0",
        "@probe.gl/log": "^3.5.0",
        "@probe.gl/stats": "^3.5.0",
        "gl-matrix": "^3.0.0",
        "math.gl": "^3.5.7",
        "mjolnir.js": "^2.5.0"
      }
    },
    "node_modules/@deck.gl/layers": {
      "version": "8.7.10",
      "resolved": "https://registry.npmjs.org/@deck.gl/layers/-/layers-8.7.10.tgz",
      "integrity": "sha512-EvcmhhiZoeChFqxpKDQOlUMcQnZphptSrcBXPAoOv3igJKgsNKtBh7dVZsBwzNFDbMRYHPPnc89mh1wdnoyfxg==",
      "dependencies": {
        "@loaders.gl/images": "^3.1.5",
        "@mapbox/tiny-sdf": "^1.1.0",
        "@math.gl/polygon": "^3.5.7",
        "earcut": "^2.0.6"
      },
      "peerDependencies": {
        "@deck.gl/core": "^8.0.0",
        "@loaders.gl/core": "^3.1.5"
      }
    },
    "node_modules/@loaders.gl/core": {
      "version": "3.2.3",
      "resolved": "https://registry.npmjs.org/@loaders.gl/core/-/core-3.2.3.tgz",
      "integrity": "sha512-Elm7ydCKc942TavK8XpC8DSK0k9RSbd6lODuJC0VQOar5YNNEYeusrKJcPpXRnfX5z2w2hi9ZKKwrpn9a0OOIQ==",
      "dependencies": {
        "@babel/runtime": "^7.3.1",
        "@loaders.gl/loader-utils": "3.2.3",
        "@loaders.gl/worker-utils": "3.2.3",
        "@probe.gl/log": "^3.5.0",
        "probe.gl": "^3.4.0"
      }
    },
    "node_modules/@loaders.gl/images": {
      "version": "3.2.3",
      "resolved": "https://registry.npmjs.org/@loaders.gl/images/-/images-3.2.3.tgz",
      "integrity": "sha512-Y2zBX4WYpN1bGA+jy+Kwn5K9KxbSCFZClz6CFh/mkVsMx1smshmGASEusDlTHTRbNoFmKX622HpeI2lyBL8j9w==",
      "dependencies": {
        "@loaders.gl/loader-utils": "3.2.3"
      }
    },
    "node_modules/@loaders.gl/loader-utils": {
      "version": "3.2.3",
      "resolved": "https://registry.npmjs.org/@loaders.gl/loader-utils/-/loader-utils-3.2.3.tgz",
      "integrity": "sha512-TyAHXaXjDZM/5X451MIixOqztEyGCSBJYqNw1ctaVAHruryisJcCscNHipRngbNw/2gVV74ANigv0s44F27WtQ==",
      "dependencies": {
        "@babel/runtime": "^7.3.1",
        "@loaders.gl/worker-utils": "3.2.3",
        "@probe.gl/stats": "^3.5.0"
      }
    },
    "node_modules/@loaders.gl/worker-utils": {
      "version": "3.2.3",
      "resolved": "https://registry.npmjs.org/@loaders.gl/worker-utils/-/worker-utils-3.2.3.tgz",
      "integrity": "sha512-ABlcuTTeqJ8/ZOLXaS7Kwz6htixTFlPdtlpM9ks9rZtqDaqLn6SIdzjZHy/We1ko8Ve/Zawpwr9RM1b+3G6lsQ==",
      "dependencies": {
        "@babel/runtime": "^7.3.1"
      }
    },
    "node_modules/@luma.gl/constants": {
      "version": "8.5.13",
      "resolved": "https://registry.npmjs.org/@luma.gl/constants/-/constants-8.5.13.tgz",
      "integrity": "sha512-mk16XITcWhyWFEZ98MRmbTluoT2ZrEbF4IrK/PPF+owZTlYFY4h2Yviv33Q61T3qYLbwSAv2eflltSEFWWFPPQ=="
    },
    "node_modules/@luma.gl/core": {
      "version": "8.5.13",
      "resolved": "https://registry.npmjs.org/@luma.gl/core/-/core-8.5.13.tgz",
      "integrity": "sha512-A5pZpf8s07Ya6LSuchoRtlDvlQ9+SV6BGMCFsXJ0223zrJFxAobpGHAdJ0Ui0or0YRLAkQW5xmfR8TAnHwtvpA==",
      "dependencies": {
        "@babel/runtime": "^7.0.0",
        "@luma.gl/constants": "8.5.13",
        "@luma.gl/engine": "8.5.13",
        "@luma.gl/gltools": "8.5.13",
        "@luma.gl/shadertools": "8.5.13",
        "@luma.gl/webgl": "8.5.13"
      }
    },
    "node_modules/@luma.gl/engine": {
      "version": "8.5.13",
      "resolved": "https://registry.npmjs.org/@luma.gl/engine/-/engine-8.5.13.tgz",
      "integrity": "sha512-5bRjMGwUoqpSKLx5/Czrv4NjP0rJIszoCqqKis4kEIPPoNdSgyEcI1lUJXc5Fm2emcQcw2Zsc8B7yoVopB04Zg==",
      "dependencies": {
        "@babel/runtime": "^7.0.0",
        "@luma.gl/constants": "8.5.13",
        "@luma.gl/gltools": "8.5.13",
        "@luma.gl/shadertools": "8.5.13",
        "@luma.gl/webgl": "8.5.13",
        "@math.gl/core": "^3.5.0",
        "@probe.gl/env": "^3.5.0",
        "probe.gl": "^3.4.0"
      }
    },
    "node_modules/@luma.gl/gltools": {
      "version": "8.5.13",
      "resolved": "https://registry.npmjs.org/@luma.gl/gltools/-/gltools-8.5.13.tgz",
      "integrity": "sha512-7SxxIvhWyqexDXy7SRdqf3Up31pQ6uOIAm6J7IKcRX5hvGtATDqH+B/pfgApdcKXFdCwMbXx6pt7Fm9bBhTpow==",
      "dependencies": {
        "@babel/runtime": "^7.0.0",
        "@luma.gl/constants": "8.5.13",
        "@probe.gl/env": "^3.5.0",
        "probe.gl": "^3.4.0"
      }
    },
    "node_modules/@luma.gl/shadertools": {
      "version": "8.5.13",
      "resolved": "https://registry.npmjs.org/@luma.gl/shadertools/-/shadertools-8.5.13.tgz",
      "integrity": "sha512-sKVROdDDk5cWBg6IBVQC1YEjE7w8Jkr7YrxZ1RXLtu8FzIkFo7LycgLLazdnE2kFB7oGQZdeslEh5q5to9UktQ==",
      "dependencies": {
        "@babel/runtime": "^7.0.0",
        "@math.gl/core": "^3.5.0"
      }
    },
    "node_modules/@luma.gl/webgl": {
      "version": "8.5.13",
      "resolved": "https://registry.npmjs.org/@luma.gl/webgl/-/webgl-8.5.13.tgz",
      "integrity": "sha512-t0zVL7yOS1lBHkqli+qfYxVM6ujR3NF/QW+3ESkjwCmMyQgL/X2wsfsXgFR1hA2YPz/Q8hvzfbwas5c5mKr43A==",
      "dependencies": {
        "@babel/runtime": "^7.0.0",
        "@luma.gl/constants": "8.5.13",
        "@luma.gl/gltools": "8.5.13",
        "@probe.gl/env": "^3.5.0",
        "probe.gl": "^3.4.0"
      }
    },
    "node_modules/@mapbox/geojson-rewind": {
      "version": "0.5.2",
      "resolved": "https://registry.npmjs.org/@mapbox/geojson-rewind/-/geojson-rewind-0.5.2.tgz",
      "integrity": "sha512-tJaT+RbYGJYStt7wI3cq4Nl4SXxG8W7JDG5DMJu97V25RnbNg3QtQtf+KD+VLjNpWKYsRvXDNmNrBgEETr1ifA==",
      "dependencies": {
        "get-stream": "^6.0.1",
        "minimist": "^1.2.6"
      },
      "bin": {
        "geojson-rewind": "geojson-rewind"
      }
    },
    "node_modules/@mapbox/geojson-types": {
      "version": "1.0.2",
      "resolved": "https://registry.npmjs.org/@mapbox/geojson-types/-/geojson-types-1.0.2.tgz",
      "integrity": "sha512-e9EBqHHv3EORHrSfbR9DqecPNn+AmuAoQxV6aL8Xu30bJMJR1o8PZLZzpk1Wq7/NfCbuhmakHTPYRhoqLsXRnw=="
    },
    "node_modules/@mapbox/jsonlint-lines-primitives": {
      "version": "2.0.2",
      "resolved": "https://registry.npmjs.org/@mapbox/jsonlint-lines-primitives/-/jsonlint-lines-primitives-2.0.2.tgz",
      "integrity": "sha512-rY0o9A5ECsTQRVhv7tL/OyDpGAoUB4tTvLiW1DSzQGq4bvTPhNw1VpSNjDJc5GFZ2XuyOtSWSVN05qOtcD71qQ==",
      "engines": {
        "node": ">= 0.6"
      }
    },
    "node_modules/@mapbox/mapbox-gl-supported": {
      "version": "2.0.1",
      "resolved": "https://registry.npmjs.org/@mapbox/mapbox-gl-supported/-/mapbox-gl-supported-2.0.1.tgz",
      "integrity": "sha512-HP6XvfNIzfoMVfyGjBckjiAOQK9WfX0ywdLubuPMPv+Vqf5fj0uCbgBQYpiqcWZT6cbyyRnTSXDheT1ugvF6UQ=="
    },
    "node_modules/@mapbox/point-geometry": {
      "version": "0.1.0",
      "resolved": "https://registry.npmjs.org/@mapbox/point-geometry/-/point-geometry-0.1.0.tgz",
      "integrity": "sha512-6j56HdLTwWGO0fJPlrZtdU/B13q8Uwmo18Ck2GnGgN9PCFyKTZ3UbXeEdRFh18i9XQ92eH2VdtpJHpBD3aripQ=="
    },
    "node_modules/@mapbox/tiny-sdf": {
      "version": "1.2.5",
      "resolved": "https://registry.npmjs.org/@mapbox/tiny-sdf/-/tiny-sdf-1.2.5.tgz",
      "integrity": "sha512-cD8A/zJlm6fdJOk6DqPUV8mcpyJkRz2x2R+/fYcWDYG3oWbG7/L7Yl/WqQ1VZCjnL9OTIMAn6c+BC5Eru4sQEw=="
    },
    "node_modules/@mapbox/unitbezier": {
      "version": "0.0.0",
      "resolved": "https://registry.npmjs.org/@mapbox/unitbezier/-/unitbezier-0.0.0.tgz",
      "integrity": "sha512-HPnRdYO0WjFjRTSwO3frz1wKaU649OBFPX3Zo/2WZvuRi6zMiRGui8SnPQiQABgqCf8YikDe5t3HViTVw1WUzA=="
    },
    "node_modules/@mapbox/vector-tile": {
      "version": "1.3.1",
      "resolved": "https://registry.npmjs.org/@mapbox/vector-tile/-/vector-tile-1.3.1.tgz",
      "integrity": "sha512-MCEddb8u44/xfQ3oD+Srl/tNcQoqTw3goGk2oLsrFxOTc3dUp+kAnby3PvAeeBYSMSjSPD1nd1AJA6W49WnoUw==",
      "dependencies": {
        "@mapbox/point-geometry": "~0.1.0"
      }
    },
    "node_modules/@mapbox/whoots-js": {
      "version": "3.1.0",
      "resolved": "https://registry.npmjs.org/@mapbox/whoots-js/-/whoots-js-3.1.0.tgz",
      "integrity": "sha512-Es6WcD0nO5l+2BOQS4uLfNPYQaNDfbot3X1XUoloz+x0mPDS3eeORZJl06HXjwBG1fOGwCRnzK88LMdxKRrd6Q==",
      "engines": {
        "node": ">=6.0.0"
      }
    },
    "node_modules/@math.gl/core": {
      "version": "3.5.7",
      "resolved": "https://registry.npmjs.org/@math.gl/core/-/core-3.5.7.tgz",
      "integrity": "sha512-EtMS3Nzv//nc6gAVcmvVsZAkf8+sVNruPcWEaBh95h82T7GroMLLf1WBgOhtOBOvCh6vInxjcYDsJOn7RY5oqg==",
      "dependencies": {
        "@babel/runtime": "^7.12.0",
        "gl-matrix": "~3.3.0"
      }
    },
    "node_modules/@math.gl/core/node_modules/gl-matrix": {
      "version": "3.3.0",
      "resolved": "https://registry.npmjs.org/gl-matrix/-/gl-matrix-3.3.0.tgz",
      "integrity": "sha512-COb7LDz+SXaHtl/h4LeaFcNdJdAQSDeVqjiIihSXNrkWObZLhDI4hIkZC11Aeqp7bcE72clzB0BnDXr2SmslRA=="
    },
    "node_modules/@math.gl/polygon": {
      "version": "3.5.7",
      "resolved": "https://registry.npmjs.org/@math.gl/polygon/-/polygon-3.5.7.tgz",
      "integrity": "sha512-fTi9Vfs7+LQ5Cn5ABSp0i+rfRec2fFuPhUE+Xpvg3dELQP+YMSw7FeR5SvUBgt3UY86qLmrkmxz3WwffcJA/eg==",
      "dependencies": {
        "@math.gl/core": "3.5.7"
      }
    },
    "node_modules/@math.gl/web-mercator": {
      "version": "3.5.7",
      "resolved": "https://registry.npmjs.org/@math.gl/web-mercator/-/web-mercator-3.5.7.tgz",
      "integrity": "sha512-i0w6AcV2b5+yeUQOA/KdnnzTYMUZvEKzHbbxI+ZyCuFs3p9S/IUt/EWVw4KGGOjVbf3UrGFlWSM70Th+0KyrsA==",
      "dependencies": {
        "@babel/runtime": "^7.12.0",
        "gl-matrix": "~3.3.0"
      }
    },
    "node_modules/@math.gl/web-mercator/node_modules/gl-matrix": {
      "version": "3.3.0",
      "resolved": "https://registry.npmjs.org/gl-matrix/-/gl-matrix-3.3.0.tgz",
      "integrity": "sha512-COb7LDz+SXaHtl/h4LeaFcNdJdAQSDeVqjiIihSXNrkWObZLhDI4hIkZC11Aeqp7bcE72clzB0BnDXr2SmslRA=="
    },
    "node_modules/@probe.gl/env": {
      "version": "3.5.0",
      "resolved": "https://registry.npmjs.org/@probe.gl/env/-/env-3.5.0.tgz",
      "integrity": "sha512-YdlpZZshhyYxvWDBmZ5RIW2pTR14Pw4p9czMlt/v7F6HbFzWfAdmH7q6xVwFRYxUpQLwhWensWyv4aFysiWl4g==",
      "dependencies": {
        "@babel/runtime": "^7.0.0"
      }
    },
    "node_modules/@probe.gl/log": {
      "version": "3.5.0",
      "resolved": "https://registry.npmjs.org/@probe.gl/log/-/log-3.5.0.tgz",
      "integrity": "sha512-nW/qz2X1xY08WU/TsmJP6/6IPNcaY5fS/vLjpC4ahJuE2Mezga4hGM/R2X5JWE/nkPc+BsC5GnAnD13rwAxS7g==",
      "dependencies": {
        "@babel/runtime": "^7.0.0",
        "@probe.gl/env": "3.5.0"
      }
    },
    "node_modules/@probe.gl/stats": {
      "version": "3.5.0",
      "resolved": "https://registry.npmjs.org/@probe.gl/stats/-/stats-3.5.0.tgz",
      "integrity": "sha512-IH2M+F3c8HR1DTroBARePUFG7wIewumtKA0UFqx51Z7S4hKrD60wFbpMmg0AcF4FvHAXMBoC+kYi1UKW9XbAOw==",
      "dependencies": {
        "@babel/runtime": "^7.0.0"
      }
    },
    "node_modules/argparse": {
      "version": "0.1.16",
      "resolved": "https://registry.npmjs.org/argparse/-/argparse-0.1.16.tgz",
      "integrity": "sha512-LjmC2dNpdn2L4UzyoaIr11ELYoLn37ZFy9zObrQFHsSuOepeUEMKnM8w5KL4Tnrp2gy88rRuQt6Ky8Bjml+Baw==",
      "dependencies": {
        "underscore": "~1.7.0",
        "underscore.string": "~2.4.0"
      }
    },
    "node_modules/colors": {
      "version": "0.6.2",
      "resolved": "https://registry.npmjs.org/colors/-/colors-0.6.2.tgz",
      "integrity": "sha512-OsSVtHK8Ir8r3+Fxw/b4jS1ZLPXkV6ZxDRJQzeD7qo0SqMXWrHDM71DgYzPMHY8SFJ0Ao+nNU2p1MmwdzKqPrw==",
      "engines": {
        "node": ">=0.1.90"
      }
    },
    "node_modules/csscolorparser": {
      "version": "1.0.3",
      "resolved": "https://registry.npmjs.org/csscolorparser/-/csscolorparser-1.0.3.tgz",
      "integrity": "sha512-umPSgYwZkdFoUrH5hIq5kf0wPSXiro51nPw0j2K/c83KflkPSTBGMz6NJvMB+07VlL0y7VPo6QJcDjcgKTTm3w=="
    },
    "node_modules/earcut": {
      "version": "2.2.3",
      "resolved": "https://registry.npmjs.org/earcut/-/earcut-2.2.3.tgz",
      "integrity": "sha512-iRDI1QeCQIhMCZk48DRDMVgQSSBDmbzzNhnxIo+pwx3swkfjMh6vh0nWLq1NdvGHLKH6wIrAM3vQWeTj6qeoug=="
    },
    "node_modules/esprima": {
      "version": "1.0.4",
      "resolved": "https://registry.npmjs.org/esprima/-/esprima-1.0.4.tgz",
      "integrity": "sha512-rp5dMKN8zEs9dfi9g0X1ClLmV//WRyk/R15mppFNICIFRG5P92VP7Z04p8pk++gABo9W2tY+kHyu6P1mEHgmTA==",
      "bin": {
        "esparse": "bin/esparse.js",
        "esvalidate": "bin/esvalidate.js"
      },
      "engines": {
        "node": ">=0.4.0"
      }
    },
    "node_modules/geojson-vt": {
      "version": "3.2.1",
      "resolved": "https://registry.npmjs.org/geojson-vt/-/geojson-vt-3.2.1.tgz",
      "integrity": "sha512-EvGQQi/zPrDA6zr6BnJD/YhwAkBP8nnJ9emh3EnHQKVMfg/MRVtPbMYdgVy/IaEmn4UfagD2a6fafPDL5hbtwg=="
    },
    "node_modules/get-stream": {
      "version": "6.0.1",
      "resolved": "https://registry.npmjs.org/get-stream/-/get-stream-6.0.1.tgz",
      "integrity": "sha512-ts6Wi+2j3jQjqi70w5AlN8DFnkSwC+MqmxEzdEALB2qXZYV3X/b1CTfgPLGJNMeAWxdPfU8FO1ms3NUfaHCPYg==",
      "engines": {
        "node": ">=10"
      },
      "funding": {
        "url": "https://github.com/sponsors/sindresorhus"
      }
    },
    "node_modules/gl-matrix": {
      "version": "3.4.3",
      "resolved": "https://registry.npmjs.org/gl-matrix/-/gl-matrix-3.4.3.tgz",
      "integrity": "sha512-wcCp8vu8FT22BnvKVPjXa/ICBWRq/zjFfdofZy1WSpQZpphblv12/bOQLBC1rMM7SGOFS9ltVmKOHil5+Ml7gA=="
    },
    "node_modules/grid-index": {
      "version": "1.1.0",
      "resolved": "https://registry.npmjs.org/grid-index/-/grid-index-1.1.0.tgz",
      "integrity": "sha512-HZRwumpOGUrHyxO5bqKZL0B0GlUpwtCAzZ42sgxUPniu33R1LSFH5yrIcBCHjkctCAh3mtWKcKd9J4vDDdeVHA=="
    },
    "node_modules/hammerjs": {
      "version": "2.0.8",
      "resolved": "https://registry.npmjs.org/hammerjs/-/hammerjs-2.0.8.tgz",
      "integrity": "sha512-tSQXBXS/MWQOn/RKckawJ61vvsDpCom87JgxiYdGwHdOa0ht0vzUWDlfioofFCRU0L+6NGDt6XzbgoJvZkMeRQ==",
      "engines": {
        "node": ">=0.8.0"
      }
    },
    "node_modules/ieee754": {
      "version": "1.2.1",
      "resolved": "https://registry.npmjs.org/ieee754/-/ieee754-1.2.1.tgz",
      "integrity": "sha512-dcyqhDvX1C46lXZcVqCpK+FtMRQVdIMN6/Df5js2zouUsqG7I6sFxitIC+7KYK29KdXOLHdu9zL4sFnoVQnqaA==",
      "funding": [
        {
          "type": "github",
          "url": "https://github.com/sponsors/feross"
        },
        {
          "type": "patreon",
          "url": "https://www.patreon.com/feross"
        },
        {
          "type": "consulting",
          "url": "https://feross.org/support"
        }
      ]
    },
    "node_modules/js-yaml": {
      "version": "3.0.2",
      "resolved": "https://registry.npmjs.org/js-yaml/-/js-yaml-3.0.2.tgz",
      "integrity": "sha512-8PVwV1480dnAPMj8FCW3I/mZZ+gvtOoMAZFWJKagkFq2eWv5kcyzWTR+6MloV0SY57t6jSIaKc7DIz86K9ZCfA==",
      "dependencies": {
        "argparse": "~ 0.1.11",
        "esprima": "~ 1.0.2"
      },
      "bin": {
        "js-yaml": "bin/js-yaml.js"
      }
    },
    "node_modules/kdbush": {
      "version": "3.0.0",
      "resolved": "https://registry.npmjs.org/kdbush/-/kdbush-3.0.0.tgz",
      "integrity": "sha512-hRkd6/XW4HTsA9vjVpY9tuXJYLSlelnkTmVFu4M9/7MIYQtFcHpbugAU7UbOfjOiVSVYl2fqgBuJ32JUmRo5Ew=="
    },
    "node_modules/mapbox-gl": {
      "version": "2.8.2",
      "resolved": "https://registry.npmjs.org/mapbox-gl/-/mapbox-gl-2.8.2.tgz",
      "integrity": "sha512-73TgEQlh15TF1UeYhej9Tz1iU4ZhuxIwM6t+e6MxaA7Mu9vqUCZc1kZtZRAXrVeMcDHBSO6gUUjeDBOnsUZVmQ==",
      "dependencies": {
        "@mapbox/geojson-rewind": "^0.5.1",
        "@mapbox/geojson-types": "^1.0.2",
        "@mapbox/jsonlint-lines-primitives": "^2.0.2",
        "@mapbox/mapbox-gl-supported": "^2.0.0",
        "@mapbox/point-geometry": "^0.1.0",
        "@mapbox/tiny-sdf": "^2.0.2",
        "@mapbox/unitbezier": "^0.0.0",
        "@mapbox/vector-tile": "^1.3.1",
        "@mapbox/whoots-js": "^3.1.0",
        "csscolorparser": "~1.0.3",
        "earcut": "^2.2.3",
        "geojson-vt": "^3.2.1",
        "gl-matrix": "^3.3.0",
        "grid-index": "^1.1.0",
        "minimist": "^1.2.5",
        "murmurhash-js": "^1.0.0",
        "pbf": "^3.2.1",
        "potpack": "^1.0.1",
        "quickselect": "^2.0.0",
        "rw": "^1.3.3",
        "supercluster": "^7.1.4",
        "tinyqueue": "^2.0.3",
        "vt-pbf": "^3.1.3"
      }
    },
    "node_modules/mapbox-gl/node_modules/@mapbox/tiny-sdf": {
      "version": "2.0.5",
      "resolved": "https://registry.npmjs.org/@mapbox/tiny-sdf/-/tiny-sdf-2.0.5.tgz",
      "integrity": "sha512-OhXt2lS//WpLdkqrzo/KwB7SRD8AiNTFFzuo9n14IBupzIMa67yGItcK7I2W9D8Ghpa4T04Sw9FWsKCJG50Bxw=="
    },
    "node_modules/math.gl": {
      "version": "3.5.7",
      "resolved": "https://registry.npmjs.org/math.gl/-/math.gl-3.5.7.tgz",
      "integrity": "sha512-WS633GusobHd5L7+4aiMVRZL3MYQk59futWsKvEvSEtrd5UnBa+y6xMpgn0VGlYmr7VXYqmvcRh/PnfMPN2tpw==",
      "dependencies": {
        "@math.gl/core": "3.5.7"
      }
    },
    "node_modules/minimist": {
      "version": "1.2.6",
      "resolved": "https://registry.npmjs.org/minimist/-/minimist-1.2.6.tgz",
      "integrity": "sha512-Jsjnk4bw3YJqYzbdyBiNsPWHPfO++UGG749Cxs6peCu5Xg4nrena6OVxOYxrQTqww0Jmwt+Ref8rggumkTLz9Q=="
    },
    "node_modules/mjolnir.js": {
      "version": "2.6.0",
      "resolved": "https://registry.npmjs.org/mjolnir.js/-/mjolnir.js-2.6.0.tgz",
      "integrity": "sha512-rGA7+BJKvXI0ypxQD/+rQE/sW26kmc8UIZWhmQrjhwCf/zvhbcBlsu2vPB6w0Kv/rVnVFEONTSQqC0vFEpQvIA==",
      "dependencies": {
        "@babel/runtime": "^7.0.0",
        "hammerjs": "^2.0.8"
      },
      "engines": {
        "node": ">= 4",
        "npm": ">= 3"
      }
    },
    "node_modules/mu2": {
      "version": "0.5.21",
      "resolved": "https://registry.npmjs.org/mu2/-/mu2-0.5.21.tgz",
      "integrity": "sha512-N0w5yapK+Vr4WJrZrE9pDVRxWa1SntycPBmDeFya2i54kS6VQXq8J7bYBhCNxeKvij3QfaFDDWBthLGai1Kbgw=="
    },
    "node_modules/murmurhash-js": {
      "version": "1.0.0",
      "resolved": "https://registry.npmjs.org/murmurhash-js/-/murmurhash-js-1.0.0.tgz",
      "integrity": "sha512-TvmkNhkv8yct0SVBSy+o8wYzXjE4Zz3PCesbfs8HiCXXdcTuocApFv11UWlNFWKYsP2okqrhb7JNlSm9InBhIw=="
    },
    "node_modules/pbf": {
      "version": "3.2.1",
      "resolved": "https://registry.npmjs.org/pbf/-/pbf-3.2.1.tgz",
      "integrity": "sha512-ClrV7pNOn7rtmoQVF4TS1vyU0WhYRnP92fzbfF75jAIwpnzdJXf8iTd4CMEqO4yUenH6NDqLiwjqlh6QgZzgLQ==",
      "dependencies": {
        "ieee754": "^1.1.12",
        "resolve-protobuf-schema": "^2.1.0"
      },
      "bin": {
        "pbf": "bin/pbf"
      }
    },
    "node_modules/potpack": {
      "version": "1.0.2",
      "resolved": "https://registry.npmjs.org/potpack/-/potpack-1.0.2.tgz",
      "integrity": "sha512-choctRBIV9EMT9WGAZHn3V7t0Z2pMQyl0EZE6pFc/6ml3ssw7Dlf/oAOvFwjm1HVsqfQN8GfeFyJ+d8tRzqueQ=="
    },
    "node_modules/prettier": {
      "version": "2.6.2",
      "resolved": "https://registry.npmjs.org/prettier/-/prettier-2.6.2.tgz",
      "integrity": "sha512-PkUpF+qoXTqhOeWL9fu7As8LXsIUZ1WYaJiY/a7McAQzxjk82OF0tibkFXVCDImZtWxbvojFjerkiLb0/q8mew==",
      "bin": {
        "prettier": "bin-prettier.js"
      },
      "engines": {
        "node": ">=10.13.0"
      },
      "funding": {
        "url": "https://github.com/prettier/prettier?sponsor=1"
      }
    },
    "node_modules/probe.gl": {
      "version": "3.5.0",
      "resolved": "https://registry.npmjs.org/probe.gl/-/probe.gl-3.5.0.tgz",
      "integrity": "sha512-KWj8u0PNytr/rVwcQFcN7O8SK7n/ITOsUZ91l4fSX95oHhKvVCI7eadrzFUzFRlXkFfBWpMWZXFHITsHHHUctw==",
      "dependencies": {
        "@babel/runtime": "^7.0.0",
        "@probe.gl/env": "3.5.0",
        "@probe.gl/log": "3.5.0",
        "@probe.gl/stats": "3.5.0"
      }
    },
    "node_modules/protocol-buffers-schema": {
      "version": "3.6.0",
      "resolved": "https://registry.npmjs.org/protocol-buffers-schema/-/protocol-buffers-schema-3.6.0.tgz",
      "integrity": "sha512-TdDRD+/QNdrCGCE7v8340QyuXd4kIWIgapsE2+n/SaGiSSbomYl4TjHlvIoCWRpE7wFt02EpB35VVA2ImcBVqw=="
    },
    "node_modules/quickselect": {
      "version": "2.0.0",
      "resolved": "https://registry.npmjs.org/quickselect/-/quickselect-2.0.0.tgz",
      "integrity": "sha512-RKJ22hX8mHe3Y6wH/N3wCM6BWtjaxIyyUIkpHOvfFnxdI4yD4tBXEBKSbriGujF6jnSVkJrffuo6vxACiSSxIw=="
    },
    "node_modules/regenerator-runtime": {
      "version": "0.13.9",
      "resolved": "https://registry.npmjs.org/regenerator-runtime/-/regenerator-runtime-0.13.9.tgz",
      "integrity": "sha512-p3VT+cOEgxFsRRA9X4lkI1E+k2/CtnKtU4gcxyaCUreilL/vqI6CdZ3wxVUx3UOUg+gnUOQQcRI7BmSI656MYA=="
    },
    "node_modules/resolve-protobuf-schema": {
      "version": "2.1.0",
      "resolved": "https://registry.npmjs.org/resolve-protobuf-schema/-/resolve-protobuf-schema-2.1.0.tgz",
      "integrity": "sha512-kI5ffTiZWmJaS/huM8wZfEMer1eRd7oJQhDuxeCLe3t7N7mX3z94CN0xPxBQxFYQTSNz9T0i+v6inKqSdK8xrQ==",
      "dependencies": {
        "protocol-buffers-schema": "^3.3.1"
      }
    },
    "node_modules/rw": {
      "version": "1.3.3",
      "resolved": "https://registry.npmjs.org/rw/-/rw-1.3.3.tgz",
      "integrity": "sha1-P4Yt+pGrdmsUiF700BEkv9oHT7Q="
    },
    "node_modules/slid": {
      "version": "0.0.2",
      "resolved": "https://registry.npmjs.org/slid/-/slid-0.0.2.tgz",
      "integrity": "sha512-VZGRD4GmAFZWahrHP4sphfNeg8gMM/YrhX6xXdBSOtgGqKHj3Mqn1swFevmbC8UW48vEdblGKkB6y+1kRDGP9Q==",
      "dependencies": {
        "colors": "~0.6.2",
        "js-yaml": "~3.0.2",
        "minimist": "~0.1.0",
        "mu2": "~0.5.20"
      },
      "bin": {
        "slid": "bin/slid.js"
      }
    },
    "node_modules/slid/node_modules/minimist": {
      "version": "0.1.0",
      "resolved": "https://registry.npmjs.org/minimist/-/minimist-0.1.0.tgz",
      "integrity": "sha512-wR5Ipl99t0mTGwLjQJnBjrP/O7zBbLZqvA3aw32DmLx+nXHfWctUjzDjnDx09pX1Po86WFQazF9xUzfMea3Cnw=="
    },
    "node_modules/supercluster": {
      "version": "7.1.5",
      "resolved": "https://registry.npmjs.org/supercluster/-/supercluster-7.1.5.tgz",
      "integrity": "sha512-EulshI3pGUM66o6ZdH3ReiFcvHpM3vAigyK+vcxdjpJyEbIIrtbmBdY23mGgnI24uXiGFvrGq9Gkum/8U7vJWg==",
      "dependencies": {
        "kdbush": "^3.0.0"
      }
    },
    "node_modules/tinyqueue": {
      "version": "2.0.3",
      "resolved": "https://registry.npmjs.org/tinyqueue/-/tinyqueue-2.0.3.tgz",
      "integrity": "sha512-ppJZNDuKGgxzkHihX8v9v9G5f+18gzaTfrukGrq6ueg0lmH4nqVnA2IPG0AEH3jKEk2GRJCUhDoqpoiw3PHLBA=="
    },
    "node_modules/underscore": {
      "version": "1.7.0",
      "resolved": "https://registry.npmjs.org/underscore/-/underscore-1.7.0.tgz",
      "integrity": "sha512-cp0oQQyZhUM1kpJDLdGO1jPZHgS/MpzoWYfe9+CM2h/QGDZlqwT2T3YGukuBdaNJ/CAPoeyAZRRHz8JFo176vA=="
    },
    "node_modules/underscore.string": {
      "version": "2.4.0",
      "resolved": "https://registry.npmjs.org/underscore.string/-/underscore.string-2.4.0.tgz",
      "integrity": "sha512-yxkabuCaIBnzfIvX3kBxQqCs0ar/bfJwDnFEHJUm/ZrRVhT3IItdRF5cZjARLzEnyQYtIUhsZ2LG2j3HidFOFQ==",
      "engines": {
        "node": "*"
      }
    },
    "node_modules/vt-pbf": {
      "version": "3.1.3",
      "resolved": "https://registry.npmjs.org/vt-pbf/-/vt-pbf-3.1.3.tgz",
      "integrity": "sha512-2LzDFzt0mZKZ9IpVF2r69G9bXaP2Q2sArJCmcCgvfTdCCZzSyz4aCLoQyUilu37Ll56tCblIZrXFIjNUpGIlmA==",
      "dependencies": {
        "@mapbox/point-geometry": "0.1.0",
        "@mapbox/vector-tile": "^1.3.1",
        "pbf": "^3.2.1"
      }
    }
  },
  "dependencies": {
    "@babel/runtime": {
      "version": "7.18.3",
      "resolved": "https://registry.npmjs.org/@babel/runtime/-/runtime-7.18.3.tgz",
      "integrity": "sha512-38Y8f7YUhce/K7RMwTp7m0uCumpv9hZkitCbBClqQIow1qSbCvGkcegKOXpEWCQLfWmevgRiWokZ1GkpfhbZug==",
      "requires": {
        "regenerator-runtime": "^0.13.4"
      }
    },
    "@deck.gl/core": {
      "version": "8.7.10",
      "resolved": "https://registry.npmjs.org/@deck.gl/core/-/core-8.7.10.tgz",
      "integrity": "sha512-8BSDnPe/aH5Nit4hOffHAEfzQJHsgqYpqa9i4r9dnKgGs7MKH1aARTj2cq6knnRyI/KACU50R6TxEK01tnznpA==",
      "requires": {
        "@loaders.gl/core": "^3.1.5",
        "@loaders.gl/images": "^3.1.5",
        "@luma.gl/constants": "^8.5.10",
        "@luma.gl/core": "^8.5.10",
        "@math.gl/core": "^3.5.7",
        "@math.gl/web-mercator": "^3.5.7",
        "@probe.gl/env": "^3.5.0",
        "@probe.gl/log": "^3.5.0",
        "@probe.gl/stats": "^3.5.0",
        "gl-matrix": "^3.0.0",
        "math.gl": "^3.5.7",
        "mjolnir.js": "^2.5.0"
      }
    },
    "@deck.gl/layers": {
      "version": "8.7.10",
      "resolved": "https://registry.npmjs.org/@deck.gl/layers/-/layers-8.7.10.tgz",
      "integrity": "sha512-EvcmhhiZoeChFqxpKDQOlUMcQnZphptSrcBXPAoOv3igJKgsNKtBh7dVZsBwzNFDbMRYHPPnc89mh1wdnoyfxg==",
      "requires": {
        "@loaders.gl/images": "^3.1.5",
        "@mapbox/tiny-sdf": "^1.1.0",
        "@math.gl/polygon": "^3.5.7",
        "earcut": "^2.0.6"
      }
    },
    "@loaders.gl/core": {
      "version": "3.2.3",
      "resolved": "https://registry.npmjs.org/@loaders.gl/core/-/core-3.2.3.tgz",
      "integrity": "sha512-Elm7ydCKc942TavK8XpC8DSK0k9RSbd6lODuJC0VQOar5YNNEYeusrKJcPpXRnfX5z2w2hi9ZKKwrpn9a0OOIQ==",
      "requires": {
        "@babel/runtime": "^7.3.1",
        "@loaders.gl/loader-utils": "3.2.3",
        "@loaders.gl/worker-utils": "3.2.3",
        "@probe.gl/log": "^3.5.0",
        "probe.gl": "^3.4.0"
      }
    },
    "@loaders.gl/images": {
      "version": "3.2.3",
      "resolved": "https://registry.npmjs.org/@loaders.gl/images/-/images-3.2.3.tgz",
      "integrity": "sha512-Y2zBX4WYpN1bGA+jy+Kwn5K9KxbSCFZClz6CFh/mkVsMx1smshmGASEusDlTHTRbNoFmKX622HpeI2lyBL8j9w==",
      "requires": {
        "@loaders.gl/loader-utils": "3.2.3"
      }
    },
    "@loaders.gl/loader-utils": {
      "version": "3.2.3",
      "resolved": "https://registry.npmjs.org/@loaders.gl/loader-utils/-/loader-utils-3.2.3.tgz",
      "integrity": "sha512-TyAHXaXjDZM/5X451MIixOqztEyGCSBJYqNw1ctaVAHruryisJcCscNHipRngbNw/2gVV74ANigv0s44F27WtQ==",
      "requires": {
        "@babel/runtime": "^7.3.1",
        "@loaders.gl/worker-utils": "3.2.3",
        "@probe.gl/stats": "^3.5.0"
      }
    },
    "@loaders.gl/worker-utils": {
      "version": "3.2.3",
      "resolved": "https://registry.npmjs.org/@loaders.gl/worker-utils/-/worker-utils-3.2.3.tgz",
      "integrity": "sha512-ABlcuTTeqJ8/ZOLXaS7Kwz6htixTFlPdtlpM9ks9rZtqDaqLn6SIdzjZHy/We1ko8Ve/Zawpwr9RM1b+3G6lsQ==",
      "requires": {
        "@babel/runtime": "^7.3.1"
      }
    },
    "@luma.gl/constants": {
      "version": "8.5.13",
      "resolved": "https://registry.npmjs.org/@luma.gl/constants/-/constants-8.5.13.tgz",
      "integrity": "sha512-mk16XITcWhyWFEZ98MRmbTluoT2ZrEbF4IrK/PPF+owZTlYFY4h2Yviv33Q61T3qYLbwSAv2eflltSEFWWFPPQ=="
    },
    "@luma.gl/core": {
      "version": "8.5.13",
      "resolved": "https://registry.npmjs.org/@luma.gl/core/-/core-8.5.13.tgz",
      "integrity": "sha512-A5pZpf8s07Ya6LSuchoRtlDvlQ9+SV6BGMCFsXJ0223zrJFxAobpGHAdJ0Ui0or0YRLAkQW5xmfR8TAnHwtvpA==",
      "requires": {
        "@babel/runtime": "^7.0.0",
        "@luma.gl/constants": "8.5.13",
        "@luma.gl/engine": "8.5.13",
        "@luma.gl/gltools": "8.5.13",
        "@luma.gl/shadertools": "8.5.13",
        "@luma.gl/webgl": "8.5.13"
      }
    },
    "@luma.gl/engine": {
      "version": "8.5.13",
      "resolved": "https://registry.npmjs.org/@luma.gl/engine/-/engine-8.5.13.tgz",
      "integrity": "sha512-5bRjMGwUoqpSKLx5/Czrv4NjP0rJIszoCqqKis4kEIPPoNdSgyEcI1lUJXc5Fm2emcQcw2Zsc8B7yoVopB04Zg==",
      "requires": {
        "@babel/runtime": "^7.0.0",
        "@luma.gl/constants": "8.5.13",
        "@luma.gl/gltools": "8.5.13",
        "@luma.gl/shadertools": "8.5.13",
        "@luma.gl/webgl": "8.5.13",
        "@math.gl/core": "^3.5.0",
        "@probe.gl/env": "^3.5.0",
        "probe.gl": "^3.4.0"
      }
    },
    "@luma.gl/gltools": {
      "version": "8.5.13",
      "resolved": "https://registry.npmjs.org/@luma.gl/gltools/-/gltools-8.5.13.tgz",
      "integrity": "sha512-7SxxIvhWyqexDXy7SRdqf3Up31pQ6uOIAm6J7IKcRX5hvGtATDqH+B/pfgApdcKXFdCwMbXx6pt7Fm9bBhTpow==",
      "requires": {
        "@babel/runtime": "^7.0.0",
        "@luma.gl/constants": "8.5.13",
        "@probe.gl/env": "^3.5.0",
        "probe.gl": "^3.4.0"
      }
    },
    "@luma.gl/shadertools": {
      "version": "8.5.13",
      "resolved": "https://registry.npmjs.org/@luma.gl/shadertools/-/shadertools-8.5.13.tgz",
      "integrity": "sha512-sKVROdDDk5cWBg6IBVQC1YEjE7w8Jkr7YrxZ1RXLtu8FzIkFo7LycgLLazdnE2kFB7oGQZdeslEh5q5to9UktQ==",
      "requires": {
        "@babel/runtime": "^7.0.0",
        "@math.gl/core": "^3.5.0"
      }
    },
    "@luma.gl/webgl": {
      "version": "8.5.13",
      "resolved": "https://registry.npmjs.org/@luma.gl/webgl/-/webgl-8.5.13.tgz",
      "integrity": "sha512-t0zVL7yOS1lBHkqli+qfYxVM6ujR3NF/QW+3ESkjwCmMyQgL/X2wsfsXgFR1hA2YPz/Q8hvzfbwas5c5mKr43A==",
      "requires": {
        "@babel/runtime": "^7.0.0",
        "@luma.gl/constants": "8.5.13",
        "@luma.gl/gltools": "8.5.13",
        "@probe.gl/env": "^3.5.0",
        "probe.gl": "^3.4.0"
      }
    },
    "@mapbox/geojson-rewind": {
      "version": "0.5.2",
      "resolved": "https://registry.npmjs.org/@mapbox/geojson-rewind/-/geojson-rewind-0.5.2.tgz",
      "integrity": "sha512-tJaT+RbYGJYStt7wI3cq4Nl4SXxG8W7JDG5DMJu97V25RnbNg3QtQtf+KD+VLjNpWKYsRvXDNmNrBgEETr1ifA==",
      "requires": {
        "get-stream": "^6.0.1",
        "minimist": "^1.2.6"
      }
    },
    "@mapbox/geojson-types": {
      "version": "1.0.2",
      "resolved": "https://registry.npmjs.org/@mapbox/geojson-types/-/geojson-types-1.0.2.tgz",
      "integrity": "sha512-e9EBqHHv3EORHrSfbR9DqecPNn+AmuAoQxV6aL8Xu30bJMJR1o8PZLZzpk1Wq7/NfCbuhmakHTPYRhoqLsXRnw=="
    },
    "@mapbox/jsonlint-lines-primitives": {
      "version": "2.0.2",
      "resolved": "https://registry.npmjs.org/@mapbox/jsonlint-lines-primitives/-/jsonlint-lines-primitives-2.0.2.tgz",
      "integrity": "sha512-rY0o9A5ECsTQRVhv7tL/OyDpGAoUB4tTvLiW1DSzQGq4bvTPhNw1VpSNjDJc5GFZ2XuyOtSWSVN05qOtcD71qQ=="
    },
    "@mapbox/mapbox-gl-supported": {
      "version": "2.0.1",
      "resolved": "https://registry.npmjs.org/@mapbox/mapbox-gl-supported/-/mapbox-gl-supported-2.0.1.tgz",
      "integrity": "sha512-HP6XvfNIzfoMVfyGjBckjiAOQK9WfX0ywdLubuPMPv+Vqf5fj0uCbgBQYpiqcWZT6cbyyRnTSXDheT1ugvF6UQ=="
    },
    "@mapbox/point-geometry": {
      "version": "0.1.0",
      "resolved": "https://registry.npmjs.org/@mapbox/point-geometry/-/point-geometry-0.1.0.tgz",
      "integrity": "sha512-6j56HdLTwWGO0fJPlrZtdU/B13q8Uwmo18Ck2GnGgN9PCFyKTZ3UbXeEdRFh18i9XQ92eH2VdtpJHpBD3aripQ=="
    },
    "@mapbox/tiny-sdf": {
      "version": "1.2.5",
      "resolved": "https://registry.npmjs.org/@mapbox/tiny-sdf/-/tiny-sdf-1.2.5.tgz",
      "integrity": "sha512-cD8A/zJlm6fdJOk6DqPUV8mcpyJkRz2x2R+/fYcWDYG3oWbG7/L7Yl/WqQ1VZCjnL9OTIMAn6c+BC5Eru4sQEw=="
    },
    "@mapbox/unitbezier": {
      "version": "0.0.0",
      "resolved": "https://registry.npmjs.org/@mapbox/unitbezier/-/unitbezier-0.0.0.tgz",
      "integrity": "sha512-HPnRdYO0WjFjRTSwO3frz1wKaU649OBFPX3Zo/2WZvuRi6zMiRGui8SnPQiQABgqCf8YikDe5t3HViTVw1WUzA=="
    },
    "@mapbox/vector-tile": {
      "version": "1.3.1",
      "resolved": "https://registry.npmjs.org/@mapbox/vector-tile/-/vector-tile-1.3.1.tgz",
      "integrity": "sha512-MCEddb8u44/xfQ3oD+Srl/tNcQoqTw3goGk2oLsrFxOTc3dUp+kAnby3PvAeeBYSMSjSPD1nd1AJA6W49WnoUw==",
      "requires": {
        "@mapbox/point-geometry": "~0.1.0"
      }
    },
    "@mapbox/whoots-js": {
      "version": "3.1.0",
      "resolved": "https://registry.npmjs.org/@mapbox/whoots-js/-/whoots-js-3.1.0.tgz",
      "integrity": "sha512-Es6WcD0nO5l+2BOQS4uLfNPYQaNDfbot3X1XUoloz+x0mPDS3eeORZJl06HXjwBG1fOGwCRnzK88LMdxKRrd6Q=="
    },
    "@math.gl/core": {
      "version": "3.5.7",
      "resolved": "https://registry.npmjs.org/@math.gl/core/-/core-3.5.7.tgz",
      "integrity": "sha512-EtMS3Nzv//nc6gAVcmvVsZAkf8+sVNruPcWEaBh95h82T7GroMLLf1WBgOhtOBOvCh6vInxjcYDsJOn7RY5oqg==",
      "requires": {
        "@babel/runtime": "^7.12.0",
        "gl-matrix": "~3.3.0"
      },
      "dependencies": {
        "gl-matrix": {
          "version": "3.3.0",
          "resolved": "https://registry.npmjs.org/gl-matrix/-/gl-matrix-3.3.0.tgz",
          "integrity": "sha512-COb7LDz+SXaHtl/h4LeaFcNdJdAQSDeVqjiIihSXNrkWObZLhDI4hIkZC11Aeqp7bcE72clzB0BnDXr2SmslRA=="
        }
      }
    },
    "@math.gl/polygon": {
      "version": "3.5.7",
      "resolved": "https://registry.npmjs.org/@math.gl/polygon/-/polygon-3.5.7.tgz",
      "integrity": "sha512-fTi9Vfs7+LQ5Cn5ABSp0i+rfRec2fFuPhUE+Xpvg3dELQP+YMSw7FeR5SvUBgt3UY86qLmrkmxz3WwffcJA/eg==",
      "requires": {
        "@math.gl/core": "3.5.7"
      }
    },
    "@math.gl/web-mercator": {
      "version": "3.5.7",
      "resolved": "https://registry.npmjs.org/@math.gl/web-mercator/-/web-mercator-3.5.7.tgz",
      "integrity": "sha512-i0w6AcV2b5+yeUQOA/KdnnzTYMUZvEKzHbbxI+ZyCuFs3p9S/IUt/EWVw4KGGOjVbf3UrGFlWSM70Th+0KyrsA==",
      "requires": {
        "@babel/runtime": "^7.12.0",
        "gl-matrix": "~3.3.0"
      },
      "dependencies": {
        "gl-matrix": {
          "version": "3.3.0",
          "resolved": "https://registry.npmjs.org/gl-matrix/-/gl-matrix-3.3.0.tgz",
          "integrity": "sha512-COb7LDz+SXaHtl/h4LeaFcNdJdAQSDeVqjiIihSXNrkWObZLhDI4hIkZC11Aeqp7bcE72clzB0BnDXr2SmslRA=="
        }
      }
    },
    "@probe.gl/env": {
      "version": "3.5.0",
      "resolved": "https://registry.npmjs.org/@probe.gl/env/-/env-3.5.0.tgz",
      "integrity": "sha512-YdlpZZshhyYxvWDBmZ5RIW2pTR14Pw4p9czMlt/v7F6HbFzWfAdmH7q6xVwFRYxUpQLwhWensWyv4aFysiWl4g==",
      "requires": {
        "@babel/runtime": "^7.0.0"
      }
    },
    "@probe.gl/log": {
      "version": "3.5.0",
      "resolved": "https://registry.npmjs.org/@probe.gl/log/-/log-3.5.0.tgz",
      "integrity": "sha512-nW/qz2X1xY08WU/TsmJP6/6IPNcaY5fS/vLjpC4ahJuE2Mezga4hGM/R2X5JWE/nkPc+BsC5GnAnD13rwAxS7g==",
      "requires": {
        "@babel/runtime": "^7.0.0",
        "@probe.gl/env": "3.5.0"
      }
    },
    "@probe.gl/stats": {
      "version": "3.5.0",
      "resolved": "https://registry.npmjs.org/@probe.gl/stats/-/stats-3.5.0.tgz",
      "integrity": "sha512-IH2M+F3c8HR1DTroBARePUFG7wIewumtKA0UFqx51Z7S4hKrD60wFbpMmg0AcF4FvHAXMBoC+kYi1UKW9XbAOw==",
      "requires": {
        "@babel/runtime": "^7.0.0"
      }
    },
    "argparse": {
      "version": "0.1.16",
      "resolved": "https://registry.npmjs.org/argparse/-/argparse-0.1.16.tgz",
      "integrity": "sha512-LjmC2dNpdn2L4UzyoaIr11ELYoLn37ZFy9zObrQFHsSuOepeUEMKnM8w5KL4Tnrp2gy88rRuQt6Ky8Bjml+Baw==",
      "requires": {
        "underscore": "~1.7.0",
        "underscore.string": "~2.4.0"
      }
    },
    "colors": {
      "version": "0.6.2",
      "resolved": "https://registry.npmjs.org/colors/-/colors-0.6.2.tgz",
      "integrity": "sha512-OsSVtHK8Ir8r3+Fxw/b4jS1ZLPXkV6ZxDRJQzeD7qo0SqMXWrHDM71DgYzPMHY8SFJ0Ao+nNU2p1MmwdzKqPrw=="
    },
    "csscolorparser": {
      "version": "1.0.3",
      "resolved": "https://registry.npmjs.org/csscolorparser/-/csscolorparser-1.0.3.tgz",
      "integrity": "sha512-umPSgYwZkdFoUrH5hIq5kf0wPSXiro51nPw0j2K/c83KflkPSTBGMz6NJvMB+07VlL0y7VPo6QJcDjcgKTTm3w=="
    },
    "earcut": {
      "version": "2.2.3",
      "resolved": "https://registry.npmjs.org/earcut/-/earcut-2.2.3.tgz",
      "integrity": "sha512-iRDI1QeCQIhMCZk48DRDMVgQSSBDmbzzNhnxIo+pwx3swkfjMh6vh0nWLq1NdvGHLKH6wIrAM3vQWeTj6qeoug=="
    },
    "esprima": {
      "version": "1.0.4",
      "resolved": "https://registry.npmjs.org/esprima/-/esprima-1.0.4.tgz",
      "integrity": "sha512-rp5dMKN8zEs9dfi9g0X1ClLmV//WRyk/R15mppFNICIFRG5P92VP7Z04p8pk++gABo9W2tY+kHyu6P1mEHgmTA=="
    },
    "geojson-vt": {
      "version": "3.2.1",
      "resolved": "https://registry.npmjs.org/geojson-vt/-/geojson-vt-3.2.1.tgz",
      "integrity": "sha512-EvGQQi/zPrDA6zr6BnJD/YhwAkBP8nnJ9emh3EnHQKVMfg/MRVtPbMYdgVy/IaEmn4UfagD2a6fafPDL5hbtwg=="
    },
    "get-stream": {
      "version": "6.0.1",
      "resolved": "https://registry.npmjs.org/get-stream/-/get-stream-6.0.1.tgz",
      "integrity": "sha512-ts6Wi+2j3jQjqi70w5AlN8DFnkSwC+MqmxEzdEALB2qXZYV3X/b1CTfgPLGJNMeAWxdPfU8FO1ms3NUfaHCPYg=="
    },
    "gl-matrix": {
      "version": "3.4.3",
      "resolved": "https://registry.npmjs.org/gl-matrix/-/gl-matrix-3.4.3.tgz",
      "integrity": "sha512-wcCp8vu8FT22BnvKVPjXa/ICBWRq/zjFfdofZy1WSpQZpphblv12/bOQLBC1rMM7SGOFS9ltVmKOHil5+Ml7gA=="
    },
    "grid-index": {
      "version": "1.1.0",
      "resolved": "https://registry.npmjs.org/grid-index/-/grid-index-1.1.0.tgz",
      "integrity": "sha512-HZRwumpOGUrHyxO5bqKZL0B0GlUpwtCAzZ42sgxUPniu33R1LSFH5yrIcBCHjkctCAh3mtWKcKd9J4vDDdeVHA=="
    },
    "hammerjs": {
      "version": "2.0.8",
      "resolved": "https://registry.npmjs.org/hammerjs/-/hammerjs-2.0.8.tgz",
      "integrity": "sha512-tSQXBXS/MWQOn/RKckawJ61vvsDpCom87JgxiYdGwHdOa0ht0vzUWDlfioofFCRU0L+6NGDt6XzbgoJvZkMeRQ=="
    },
    "ieee754": {
      "version": "1.2.1",
      "resolved": "https://registry.npmjs.org/ieee754/-/ieee754-1.2.1.tgz",
      "integrity": "sha512-dcyqhDvX1C46lXZcVqCpK+FtMRQVdIMN6/Df5js2zouUsqG7I6sFxitIC+7KYK29KdXOLHdu9zL4sFnoVQnqaA=="
    },
    "js-yaml": {
      "version": "3.0.2",
      "resolved": "https://registry.npmjs.org/js-yaml/-/js-yaml-3.0.2.tgz",
      "integrity": "sha512-8PVwV1480dnAPMj8FCW3I/mZZ+gvtOoMAZFWJKagkFq2eWv5kcyzWTR+6MloV0SY57t6jSIaKc7DIz86K9ZCfA==",
      "requires": {
        "argparse": "~ 0.1.11",
        "esprima": "~ 1.0.2"
      }
    },
    "kdbush": {
      "version": "3.0.0",
      "resolved": "https://registry.npmjs.org/kdbush/-/kdbush-3.0.0.tgz",
      "integrity": "sha512-hRkd6/XW4HTsA9vjVpY9tuXJYLSlelnkTmVFu4M9/7MIYQtFcHpbugAU7UbOfjOiVSVYl2fqgBuJ32JUmRo5Ew=="
    },
    "mapbox-gl": {
      "version": "2.8.2",
      "resolved": "https://registry.npmjs.org/mapbox-gl/-/mapbox-gl-2.8.2.tgz",
      "integrity": "sha512-73TgEQlh15TF1UeYhej9Tz1iU4ZhuxIwM6t+e6MxaA7Mu9vqUCZc1kZtZRAXrVeMcDHBSO6gUUjeDBOnsUZVmQ==",
      "requires": {
        "@mapbox/geojson-rewind": "^0.5.1",
        "@mapbox/geojson-types": "^1.0.2",
        "@mapbox/jsonlint-lines-primitives": "^2.0.2",
        "@mapbox/mapbox-gl-supported": "^2.0.0",
        "@mapbox/point-geometry": "^0.1.0",
        "@mapbox/tiny-sdf": "^2.0.2",
        "@mapbox/unitbezier": "^0.0.0",
        "@mapbox/vector-tile": "^1.3.1",
        "@mapbox/whoots-js": "^3.1.0",
        "csscolorparser": "~1.0.3",
        "earcut": "^2.2.3",
        "geojson-vt": "^3.2.1",
        "gl-matrix": "^3.3.0",
        "grid-index": "^1.1.0",
        "minimist": "^1.2.5",
        "murmurhash-js": "^1.0.0",
        "pbf": "^3.2.1",
        "potpack": "^1.0.1",
        "quickselect": "^2.0.0",
        "rw": "^1.3.3",
        "supercluster": "^7.1.4",
        "tinyqueue": "^2.0.3",
        "vt-pbf": "^3.1.3"
      },
      "dependencies": {
        "@mapbox/tiny-sdf": {
          "version": "2.0.5",
          "resolved": "https://registry.npmjs.org/@mapbox/tiny-sdf/-/tiny-sdf-2.0.5.tgz",
          "integrity": "sha512-OhXt2lS//WpLdkqrzo/KwB7SRD8AiNTFFzuo9n14IBupzIMa67yGItcK7I2W9D8Ghpa4T04Sw9FWsKCJG50Bxw=="
        }
      }
    },
    "math.gl": {
      "version": "3.5.7",
      "resolved": "https://registry.npmjs.org/math.gl/-/math.gl-3.5.7.tgz",
      "integrity": "sha512-WS633GusobHd5L7+4aiMVRZL3MYQk59futWsKvEvSEtrd5UnBa+y6xMpgn0VGlYmr7VXYqmvcRh/PnfMPN2tpw==",
      "requires": {
        "@math.gl/core": "3.5.7"
      }
    },
    "minimist": {
      "version": "1.2.6",
      "resolved": "https://registry.npmjs.org/minimist/-/minimist-1.2.6.tgz",
      "integrity": "sha512-Jsjnk4bw3YJqYzbdyBiNsPWHPfO++UGG749Cxs6peCu5Xg4nrena6OVxOYxrQTqww0Jmwt+Ref8rggumkTLz9Q=="
    },
    "mjolnir.js": {
      "version": "2.6.0",
      "resolved": "https://registry.npmjs.org/mjolnir.js/-/mjolnir.js-2.6.0.tgz",
      "integrity": "sha512-rGA7+BJKvXI0ypxQD/+rQE/sW26kmc8UIZWhmQrjhwCf/zvhbcBlsu2vPB6w0Kv/rVnVFEONTSQqC0vFEpQvIA==",
      "requires": {
        "@babel/runtime": "^7.0.0",
        "hammerjs": "^2.0.8"
      }
    },
    "mu2": {
      "version": "0.5.21",
      "resolved": "https://registry.npmjs.org/mu2/-/mu2-0.5.21.tgz",
      "integrity": "sha512-N0w5yapK+Vr4WJrZrE9pDVRxWa1SntycPBmDeFya2i54kS6VQXq8J7bYBhCNxeKvij3QfaFDDWBthLGai1Kbgw=="
    },
    "murmurhash-js": {
      "version": "1.0.0",
      "resolved": "https://registry.npmjs.org/murmurhash-js/-/murmurhash-js-1.0.0.tgz",
      "integrity": "sha512-TvmkNhkv8yct0SVBSy+o8wYzXjE4Zz3PCesbfs8HiCXXdcTuocApFv11UWlNFWKYsP2okqrhb7JNlSm9InBhIw=="
    },
    "pbf": {
      "version": "3.2.1",
      "resolved": "https://registry.npmjs.org/pbf/-/pbf-3.2.1.tgz",
      "integrity": "sha512-ClrV7pNOn7rtmoQVF4TS1vyU0WhYRnP92fzbfF75jAIwpnzdJXf8iTd4CMEqO4yUenH6NDqLiwjqlh6QgZzgLQ==",
      "requires": {
        "ieee754": "^1.1.12",
        "resolve-protobuf-schema": "^2.1.0"
      }
    },
    "potpack": {
      "version": "1.0.2",
      "resolved": "https://registry.npmjs.org/potpack/-/potpack-1.0.2.tgz",
      "integrity": "sha512-choctRBIV9EMT9WGAZHn3V7t0Z2pMQyl0EZE6pFc/6ml3ssw7Dlf/oAOvFwjm1HVsqfQN8GfeFyJ+d8tRzqueQ=="
    },
    "prettier": {
      "version": "2.6.2",
      "resolved": "https://registry.npmjs.org/prettier/-/prettier-2.6.2.tgz",
      "integrity": "sha512-PkUpF+qoXTqhOeWL9fu7As8LXsIUZ1WYaJiY/a7McAQzxjk82OF0tibkFXVCDImZtWxbvojFjerkiLb0/q8mew=="
    },
    "probe.gl": {
      "version": "3.5.0",
      "resolved": "https://registry.npmjs.org/probe.gl/-/probe.gl-3.5.0.tgz",
      "integrity": "sha512-KWj8u0PNytr/rVwcQFcN7O8SK7n/ITOsUZ91l4fSX95oHhKvVCI7eadrzFUzFRlXkFfBWpMWZXFHITsHHHUctw==",
      "requires": {
        "@babel/runtime": "^7.0.0",
        "@probe.gl/env": "3.5.0",
        "@probe.gl/log": "3.5.0",
        "@probe.gl/stats": "3.5.0"
      }
    },
    "protocol-buffers-schema": {
      "version": "3.6.0",
      "resolved": "https://registry.npmjs.org/protocol-buffers-schema/-/protocol-buffers-schema-3.6.0.tgz",
      "integrity": "sha512-TdDRD+/QNdrCGCE7v8340QyuXd4kIWIgapsE2+n/SaGiSSbomYl4TjHlvIoCWRpE7wFt02EpB35VVA2ImcBVqw=="
    },
    "quickselect": {
      "version": "2.0.0",
      "resolved": "https://registry.npmjs.org/quickselect/-/quickselect-2.0.0.tgz",
      "integrity": "sha512-RKJ22hX8mHe3Y6wH/N3wCM6BWtjaxIyyUIkpHOvfFnxdI4yD4tBXEBKSbriGujF6jnSVkJrffuo6vxACiSSxIw=="
    },
    "regenerator-runtime": {
      "version": "0.13.9",
      "resolved": "https://registry.npmjs.org/regenerator-runtime/-/regenerator-runtime-0.13.9.tgz",
      "integrity": "sha512-p3VT+cOEgxFsRRA9X4lkI1E+k2/CtnKtU4gcxyaCUreilL/vqI6CdZ3wxVUx3UOUg+gnUOQQcRI7BmSI656MYA=="
    },
    "resolve-protobuf-schema": {
      "version": "2.1.0",
      "resolved": "https://registry.npmjs.org/resolve-protobuf-schema/-/resolve-protobuf-schema-2.1.0.tgz",
      "integrity": "sha512-kI5ffTiZWmJaS/huM8wZfEMer1eRd7oJQhDuxeCLe3t7N7mX3z94CN0xPxBQxFYQTSNz9T0i+v6inKqSdK8xrQ==",
      "requires": {
        "protocol-buffers-schema": "^3.3.1"
      }
    },
    "rw": {
      "version": "1.3.3",
      "resolved": "https://registry.npmjs.org/rw/-/rw-1.3.3.tgz",
      "integrity": "sha1-P4Yt+pGrdmsUiF700BEkv9oHT7Q="
    },
    "slid": {
      "version": "0.0.2",
      "resolved": "https://registry.npmjs.org/slid/-/slid-0.0.2.tgz",
      "integrity": "sha512-VZGRD4GmAFZWahrHP4sphfNeg8gMM/YrhX6xXdBSOtgGqKHj3Mqn1swFevmbC8UW48vEdblGKkB6y+1kRDGP9Q==",
      "requires": {
        "colors": "~0.6.2",
        "js-yaml": "~3.0.2",
        "minimist": "~0.1.0",
        "mu2": "~0.5.20"
      },
      "dependencies": {
        "minimist": {
          "version": "0.1.0",
          "resolved": "https://registry.npmjs.org/minimist/-/minimist-0.1.0.tgz",
          "integrity": "sha512-wR5Ipl99t0mTGwLjQJnBjrP/O7zBbLZqvA3aw32DmLx+nXHfWctUjzDjnDx09pX1Po86WFQazF9xUzfMea3Cnw=="
        }
      }
    },
    "supercluster": {
      "version": "7.1.5",
      "resolved": "https://registry.npmjs.org/supercluster/-/supercluster-7.1.5.tgz",
      "integrity": "sha512-EulshI3pGUM66o6ZdH3ReiFcvHpM3vAigyK+vcxdjpJyEbIIrtbmBdY23mGgnI24uXiGFvrGq9Gkum/8U7vJWg==",
      "requires": {
        "kdbush": "^3.0.0"
      }
    },
    "tinyqueue": {
      "version": "2.0.3",
      "resolved": "https://registry.npmjs.org/tinyqueue/-/tinyqueue-2.0.3.tgz",
      "integrity": "sha512-ppJZNDuKGgxzkHihX8v9v9G5f+18gzaTfrukGrq6ueg0lmH4nqVnA2IPG0AEH3jKEk2GRJCUhDoqpoiw3PHLBA=="
    },
    "underscore": {
      "version": "1.7.0",
      "resolved": "https://registry.npmjs.org/underscore/-/underscore-1.7.0.tgz",
      "integrity": "sha512-cp0oQQyZhUM1kpJDLdGO1jPZHgS/MpzoWYfe9+CM2h/QGDZlqwT2T3YGukuBdaNJ/CAPoeyAZRRHz8JFo176vA=="
    },
    "underscore.string": {
      "version": "2.4.0",
      "resolved": "https://registry.npmjs.org/underscore.string/-/underscore.string-2.4.0.tgz",
      "integrity": "sha512-yxkabuCaIBnzfIvX3kBxQqCs0ar/bfJwDnFEHJUm/ZrRVhT3IItdRF5cZjARLzEnyQYtIUhsZ2LG2j3HidFOFQ=="
    },
    "vt-pbf": {
      "version": "3.1.3",
      "resolved": "https://registry.npmjs.org/vt-pbf/-/vt-pbf-3.1.3.tgz",
      "integrity": "sha512-2LzDFzt0mZKZ9IpVF2r69G9bXaP2Q2sArJCmcCgvfTdCCZzSyz4aCLoQyUilu37Ll56tCblIZrXFIjNUpGIlmA==",
      "requires": {
        "@mapbox/point-geometry": "0.1.0",
        "@mapbox/vector-tile": "^1.3.1",
        "pbf": "^3.2.1"
      }
    }
  }
}
